// !$*UTF8*$!
{
	archiveVersion = 1;
	classes = {
	};
	objectVersion = 50;
	objects = {

/* Begin PBXBuildFile section */
		8B15A1E7234F1107009BA729 /* Reachability.swift in Sources */ = {isa = PBXBuildFile; fileRef = 8B15A1E6234F1107009BA729 /* Reachability.swift */; };
		8B534D38234B312D00EA8C7E /* AppDelegate.swift in Sources */ = {isa = PBXBuildFile; fileRef = 8B534D37234B312D00EA8C7E /* AppDelegate.swift */; };
		8B534D3C234B312D00EA8C7E /* ViewController.swift in Sources */ = {isa = PBXBuildFile; fileRef = 8B534D3B234B312D00EA8C7E /* ViewController.swift */; };
		8B534D41234B312E00EA8C7E /* Assets.xcassets in Resources */ = {isa = PBXBuildFile; fileRef = 8B534D40234B312E00EA8C7E /* Assets.xcassets */; };
		8B534D44234B312E00EA8C7E /* LaunchScreen.storyboard in Resources */ = {isa = PBXBuildFile; fileRef = 8B534D42234B312E00EA8C7E /* LaunchScreen.storyboard */; };
		8B534D4C234B323800EA8C7E /* ViewController.xib in Resources */ = {isa = PBXBuildFile; fileRef = 8B534D4B234B323800EA8C7E /* ViewController.xib */; };
		8B534D4E234B403300EA8C7E /* AppManager.swift in Sources */ = {isa = PBXBuildFile; fileRef = 8B534D4D234B403300EA8C7E /* AppManager.swift */; };
		8BEEE0CB234C619E00FD0B94 /* GoogleService-Info.plist in Resources */ = {isa = PBXBuildFile; fileRef = 8BEEE0CA234C619D00FD0B94 /* GoogleService-Info.plist */; };
		8BF5BE812358C9AE00674281 /* WebKit.framework in Frameworks */ = {isa = PBXBuildFile; fileRef = 8BF5BE802358C9AD00674281 /* WebKit.framework */; };
		CA430E5D02AB7E71FE2254A5 /* libPods-ivory.a in Frameworks */ = {isa = PBXBuildFile; fileRef = 53C08BE32F44E3D6CA8CA6FE /* libPods-ivory.a */; };
/* End PBXBuildFile section */

/* Begin PBXFileReference section */
		53C08BE32F44E3D6CA8CA6FE /* libPods-ivory.a */ = {isa = PBXFileReference; explicitFileType = archive.ar; includeInIndex = 0; path = "libPods-ivory.a"; sourceTree = BUILT_PRODUCTS_DIR; };
		8B15A1E6234F1107009BA729 /* Reachability.swift */ = {isa = PBXFileReference; fileEncoding = 4; lastKnownFileType = sourcecode.swift; path = Reachability.swift; sourceTree = "<group>"; };
		8B534D34234B312D00EA8C7E /* ICP - Supervisor Portal.app */ = {isa = PBXFileReference; explicitFileType = wrapper.application; includeInIndex = 0; path = "ICP - Supervisor Portal.app"; sourceTree = BUILT_PRODUCTS_DIR; };
		8B534D37234B312D00EA8C7E /* AppDelegate.swift */ = {isa = PBXFileReference; lastKnownFileType = sourcecode.swift; path = AppDelegate.swift; sourceTree = "<group>"; };
		8B534D3B234B312D00EA8C7E /* ViewController.swift */ = {isa = PBXFileReference; lastKnownFileType = sourcecode.swift; path = ViewController.swift; sourceTree = "<group>"; };
		8B534D40234B312E00EA8C7E /* Assets.xcassets */ = {isa = PBXFileReference; lastKnownFileType = folder.assetcatalog; path = Assets.xcassets; sourceTree = "<group>"; };
		8B534D43234B312E00EA8C7E /* Base */ = {isa = PBXFileReference; lastKnownFileType = file.storyboard; name = Base; path = Base.lproj/LaunchScreen.storyboard; sourceTree = "<group>"; };
		8B534D45234B312E00EA8C7E /* Info.plist */ = {isa = PBXFileReference; lastKnownFileType = text.plist.xml; path = Info.plist; sourceTree = "<group>"; };
		8B534D4B234B323800EA8C7E /* ViewController.xib */ = {isa = PBXFileReference; lastKnownFileType = file.xib; path = ViewController.xib; sourceTree = "<group>"; };
		8B534D4D234B403300EA8C7E /* AppManager.swift */ = {isa = PBXFileReference; lastKnownFileType = sourcecode.swift; path = AppManager.swift; sourceTree = "<group>"; };
		8B9AA2832355A5E000B5F177 /* ivory.entitlements */ = {isa = PBXFileReference; lastKnownFileType = text.plist.entitlements; path = ivory.entitlements; sourceTree = "<group>"; };
		8BEEE0CA234C619D00FD0B94 /* GoogleService-Info.plist */ = {isa = PBXFileReference; fileEncoding = 4; lastKnownFileType = text.plist.xml; path = "GoogleService-Info.plist"; sourceTree = "<group>"; };
		8BF5BE802358C9AD00674281 /* WebKit.framework */ = {isa = PBXFileReference; lastKnownFileType = wrapper.framework; name = WebKit.framework; path = System/Library/Frameworks/WebKit.framework; sourceTree = SDKROOT; };
		DD868C51F3EBC68387768310 /* Pods-ivory.debug.xcconfig */ = {isa = PBXFileReference; includeInIndex = 1; lastKnownFileType = text.xcconfig; name = "Pods-ivory.debug.xcconfig"; path = "Target Support Files/Pods-ivory/Pods-ivory.debug.xcconfig"; sourceTree = "<group>"; };
		F4E39BEA323550429554847E /* Pods-ivory.release.xcconfig */ = {isa = PBXFileReference; includeInIndex = 1; lastKnownFileType = text.xcconfig; name = "Pods-ivory.release.xcconfig"; path = "Target Support Files/Pods-ivory/Pods-ivory.release.xcconfig"; sourceTree = "<group>"; };
/* End PBXFileReference section */

/* Begin PBXFrameworksBuildPhase section */
		8B534D31234B312D00EA8C7E /* Frameworks */ = {
			isa = PBXFrameworksBuildPhase;
			buildActionMask = 2147483647;
			files = (
				8BF5BE812358C9AE00674281 /* WebKit.framework in Frameworks */,
				CA430E5D02AB7E71FE2254A5 /* libPods-ivory.a in Frameworks */,
			);
			runOnlyForDeploymentPostprocessing = 0;
		};
/* End PBXFrameworksBuildPhase section */

/* Begin PBXGroup section */
		34ED17F8155D6201BF33970F /* Pods */ = {
			isa = PBXGroup;
			children = (
				DD868C51F3EBC68387768310 /* Pods-ivory.debug.xcconfig */,
				F4E39BEA323550429554847E /* Pods-ivory.release.xcconfig */,
			);
			path = Pods;
			sourceTree = "<group>";
		};
		42E1494A7F3E72B2E76FFE3C /* Frameworks */ = {
			isa = PBXGroup;
			children = (
				8BF5BE802358C9AD00674281 /* WebKit.framework */,
				53C08BE32F44E3D6CA8CA6FE /* libPods-ivory.a */,
			);
			name = Frameworks;
			sourceTree = "<group>";
		};
		8B534D2B234B312D00EA8C7E = {
			isa = PBXGroup;
			children = (
				8B534D36234B312D00EA8C7E /* ivory */,
				8B534D35234B312D00EA8C7E /* Products */,
				34ED17F8155D6201BF33970F /* Pods */,
				42E1494A7F3E72B2E76FFE3C /* Frameworks */,
			);
			sourceTree = "<group>";
		};
		8B534D35234B312D00EA8C7E /* Products */ = {
			isa = PBXGroup;
			children = (
				8B534D34234B312D00EA8C7E /* ICP - Supervisor Portal.app */,
			);
			name = Products;
			sourceTree = "<group>";
		};
		8B534D36234B312D00EA8C7E /* ivory */ = {
			isa = PBXGroup;
			children = (
				8B9AA2832355A5E000B5F177 /* ivory.entitlements */,
				8BEEE0CA234C619D00FD0B94 /* GoogleService-Info.plist */,
				8B15A1E6234F1107009BA729 /* Reachability.swift */,
				8B534D37234B312D00EA8C7E /* AppDelegate.swift */,
				8B534D3B234B312D00EA8C7E /* ViewController.swift */,
				8B534D4B234B323800EA8C7E /* ViewController.xib */,
				8B534D4D234B403300EA8C7E /* AppManager.swift */,
				8B534D40234B312E00EA8C7E /* Assets.xcassets */,
				8B534D42234B312E00EA8C7E /* LaunchScreen.storyboard */,
				8B534D45234B312E00EA8C7E /* Info.plist */,
			);
			path = ivory;
			sourceTree = "<group>";
		};
/* End PBXGroup section */

/* Begin PBXNativeTarget section */
		8B534D33234B312D00EA8C7E /* ivory */ = {
			isa = PBXNativeTarget;
			buildConfigurationList = 8B534D48234B312E00EA8C7E /* Build configuration list for PBXNativeTarget "ivory" */;
			buildPhases = (
				62C6574A8DA5A0E0B888CD78 /* [CP] Check Pods Manifest.lock */,
				8B534D30234B312D00EA8C7E /* Sources */,
				8B534D31234B312D00EA8C7E /* Frameworks */,
				8B534D32234B312D00EA8C7E /* Resources */,
			);
			buildRules = (
			);
			dependencies = (
			);
			name = ivory;
			productName = ivory;
			productReference = 8B534D34234B312D00EA8C7E /* ICP - Supervisor Portal.app */;
			productType = "com.apple.product-type.application";
		};
/* End PBXNativeTarget section */

/* Begin PBXProject section */
		8B534D2C234B312D00EA8C7E /* Project object */ = {
			isa = PBXProject;
			attributes = {
				LastSwiftUpdateCheck = 1110;
				LastUpgradeCheck = 1110;
				ORGANIZATIONNAME = Varun;
				TargetAttributes = {
					8B534D33234B312D00EA8C7E = {
						CreatedOnToolsVersion = 11.1;
					};
				};
			};
			buildConfigurationList = 8B534D2F234B312D00EA8C7E /* Build configuration list for PBXProject "ivory" */;
			compatibilityVersion = "Xcode 9.3";
			developmentRegion = en;
			hasScannedForEncodings = 0;
			knownRegions = (
				en,
				Base,
			);
			mainGroup = 8B534D2B234B312D00EA8C7E;
			productRefGroup = 8B534D35234B312D00EA8C7E /* Products */;
			projectDirPath = "";
			projectRoot = "";
			targets = (
				8B534D33234B312D00EA8C7E /* ivory */,
			);
		};
/* End PBXProject section */

/* Begin PBXResourcesBuildPhase section */
		8B534D32234B312D00EA8C7E /* Resources */ = {
			isa = PBXResourcesBuildPhase;
			buildActionMask = 2147483647;
			files = (
				8B534D44234B312E00EA8C7E /* LaunchScreen.storyboard in Resources */,
				8BEEE0CB234C619E00FD0B94 /* GoogleService-Info.plist in Resources */,
				8B534D41234B312E00EA8C7E /* Assets.xcassets in Resources */,
				8B534D4C234B323800EA8C7E /* ViewController.xib in Resources */,
			);
			runOnlyForDeploymentPostprocessing = 0;
		};
/* End PBXResourcesBuildPhase section */

/* Begin PBXShellScriptBuildPhase section */
		62C6574A8DA5A0E0B888CD78 /* [CP] Check Pods Manifest.lock */ = {
			isa = PBXShellScriptBuildPhase;
			buildActionMask = 2147483647;
			files = (
			);
			inputFileListPaths = (
			);
			inputPaths = (
				"${PODS_PODFILE_DIR_PATH}/Podfile.lock",
				"${PODS_ROOT}/Manifest.lock",
			);
			name = "[CP] Check Pods Manifest.lock";
			outputFileListPaths = (
			);
			outputPaths = (
				"$(DERIVED_FILE_DIR)/Pods-ivory-checkManifestLockResult.txt",
			);
			runOnlyForDeploymentPostprocessing = 0;
			shellPath = /bin/sh;
			shellScript = "diff \"${PODS_PODFILE_DIR_PATH}/Podfile.lock\" \"${PODS_ROOT}/Manifest.lock\" > /dev/null\nif [ $? != 0 ] ; then\n    # print error to STDERR\n    echo \"error: The sandbox is not in sync with the Podfile.lock. Run 'pod install' or update your CocoaPods installation.\" >&2\n    exit 1\nfi\n# This output is used by Xcode 'outputs' to avoid re-running this script phase.\necho \"SUCCESS\" > \"${SCRIPT_OUTPUT_FILE_0}\"\n";
			showEnvVarsInLog = 0;
		};
/* End PBXShellScriptBuildPhase section */

/* Begin PBXSourcesBuildPhase section */
		8B534D30234B312D00EA8C7E /* Sources */ = {
			isa = PBXSourcesBuildPhase;
			buildActionMask = 2147483647;
			files = (
				8B534D4E234B403300EA8C7E /* AppManager.swift in Sources */,
				8B534D3C234B312D00EA8C7E /* ViewController.swift in Sources */,
				8B15A1E7234F1107009BA729 /* Reachability.swift in Sources */,
				8B534D38234B312D00EA8C7E /* AppDelegate.swift in Sources */,
			);
			runOnlyForDeploymentPostprocessing = 0;
		};
/* End PBXSourcesBuildPhase section */

/* Begin PBXVariantGroup section */
		8B534D42234B312E00EA8C7E /* LaunchScreen.storyboard */ = {
			isa = PBXVariantGroup;
			children = (
				8B534D43234B312E00EA8C7E /* Base */,
			);
			name = LaunchScreen.storyboard;
			sourceTree = "<group>";
		};
/* End PBXVariantGroup section */

/* Begin XCBuildConfiguration section */
		8B534D46234B312E00EA8C7E /* Debug */ = {
			isa = XCBuildConfiguration;
			buildSettings = {
				ALWAYS_SEARCH_USER_PATHS = NO;
				CLANG_ANALYZER_NONNULL = YES;
				CLANG_ANALYZER_NUMBER_OBJECT_CONVERSION = YES_AGGRESSIVE;
				CLANG_CXX_LANGUAGE_STANDARD = "gnu++14";
				CLANG_CXX_LIBRARY = "libc++";
				CLANG_ENABLE_MODULES = YES;
				CLANG_ENABLE_OBJC_ARC = YES;
				CLANG_ENABLE_OBJC_WEAK = YES;
				CLANG_WARN_BLOCK_CAPTURE_AUTORELEASING = YES;
				CLANG_WARN_BOOL_CONVERSION = YES;
				CLANG_WARN_COMMA = YES;
				CLANG_WARN_CONSTANT_CONVERSION = YES;
				CLANG_WARN_DEPRECATED_OBJC_IMPLEMENTATIONS = YES;
				CLANG_WARN_DIRECT_OBJC_ISA_USAGE = YES_ERROR;
				CLANG_WARN_DOCUMENTATION_COMMENTS = YES;
				CLANG_WARN_EMPTY_BODY = YES;
				CLANG_WARN_ENUM_CONVERSION = YES;
				CLANG_WARN_INFINITE_RECURSION = YES;
				CLANG_WARN_INT_CONVERSION = YES;
				CLANG_WARN_NON_LITERAL_NULL_CONVERSION = YES;
				CLANG_WARN_OBJC_IMPLICIT_RETAIN_SELF = YES;
				CLANG_WARN_OBJC_LITERAL_CONVERSION = YES;
				CLANG_WARN_OBJC_ROOT_CLASS = YES_ERROR;
				CLANG_WARN_RANGE_LOOP_ANALYSIS = YES;
				CLANG_WARN_STRICT_PROTOTYPES = YES;
				CLANG_WARN_SUSPICIOUS_MOVE = YES;
				CLANG_WARN_UNGUARDED_AVAILABILITY = YES_AGGRESSIVE;
				CLANG_WARN_UNREACHABLE_CODE = YES;
				CLANG_WARN__DUPLICATE_METHOD_MATCH = YES;
				COPY_PHASE_STRIP = NO;
				DEBUG_INFORMATION_FORMAT = dwarf;
				ENABLE_STRICT_OBJC_MSGSEND = YES;
				ENABLE_TESTABILITY = YES;
				GCC_C_LANGUAGE_STANDARD = gnu11;
				GCC_DYNAMIC_NO_PIC = NO;
				GCC_NO_COMMON_BLOCKS = YES;
				GCC_OPTIMIZATION_LEVEL = 0;
				GCC_PREPROCESSOR_DEFINITIONS = (
					"DEBUG=1",
					"$(inherited)",
				);
				GCC_WARN_64_TO_32_BIT_CONVERSION = YES;
				GCC_WARN_ABOUT_RETURN_TYPE = YES_ERROR;
				GCC_WARN_UNDECLARED_SELECTOR = YES;
				GCC_WARN_UNINITIALIZED_AUTOS = YES_AGGRESSIVE;
				GCC_WARN_UNUSED_FUNCTION = YES;
				GCC_WARN_UNUSED_VARIABLE = YES;
				IPHONEOS_DEPLOYMENT_TARGET = 13.1;
				MTL_ENABLE_DEBUG_INFO = INCLUDE_SOURCE;
				MTL_FAST_MATH = YES;
				ONLY_ACTIVE_ARCH = YES;
				SDKROOT = iphoneos;
				SWIFT_ACTIVE_COMPILATION_CONDITIONS = DEBUG;
				SWIFT_OPTIMIZATION_LEVEL = "-Onone";
			};
			name = Debug;
		};
		8B534D47234B312E00EA8C7E /* Release */ = {
			isa = XCBuildConfiguration;
			buildSettings = {
				ALWAYS_SEARCH_USER_PATHS = NO;
				CLANG_ANALYZER_NONNULL = YES;
				CLANG_ANALYZER_NUMBER_OBJECT_CONVERSION = YES_AGGRESSIVE;
				CLANG_CXX_LANGUAGE_STANDARD = "gnu++14";
				CLANG_CXX_LIBRARY = "libc++";
				CLANG_ENABLE_MODULES = YES;
				CLANG_ENABLE_OBJC_ARC = YES;
				CLANG_ENABLE_OBJC_WEAK = YES;
				CLANG_WARN_BLOCK_CAPTURE_AUTORELEASING = YES;
				CLANG_WARN_BOOL_CONVERSION = YES;
				CLANG_WARN_COMMA = YES;
				CLANG_WARN_CONSTANT_CONVERSION = YES;
				CLANG_WARN_DEPRECATED_OBJC_IMPLEMENTATIONS = YES;
				CLANG_WARN_DIRECT_OBJC_ISA_USAGE = YES_ERROR;
				CLANG_WARN_DOCUMENTATION_COMMENTS = YES;
				CLANG_WARN_EMPTY_BODY = YES;
				CLANG_WARN_ENUM_CONVERSION = YES;
				CLANG_WARN_INFINITE_RECURSION = YES;
				CLANG_WARN_INT_CONVERSION = YES;
				CLANG_WARN_NON_LITERAL_NULL_CONVERSION = YES;
				CLANG_WARN_OBJC_IMPLICIT_RETAIN_SELF = YES;
				CLANG_WARN_OBJC_LITERAL_CONVERSION = YES;
				CLANG_WARN_OBJC_ROOT_CLASS = YES_ERROR;
				CLANG_WARN_RANGE_LOOP_ANALYSIS = YES;
				CLANG_WARN_STRICT_PROTOTYPES = YES;
				CLANG_WARN_SUSPICIOUS_MOVE = YES;
				CLANG_WARN_UNGUARDED_AVAILABILITY = YES_AGGRESSIVE;
				CLANG_WARN_UNREACHABLE_CODE = YES;
				CLANG_WARN__DUPLICATE_METHOD_MATCH = YES;
				COPY_PHASE_STRIP = NO;
				DEBUG_INFORMATION_FORMAT = "dwarf-with-dsym";
				ENABLE_NS_ASSERTIONS = NO;
				ENABLE_STRICT_OBJC_MSGSEND = YES;
				GCC_C_LANGUAGE_STANDARD = gnu11;
				GCC_NO_COMMON_BLOCKS = YES;
				GCC_WARN_64_TO_32_BIT_CONVERSION = YES;
				GCC_WARN_ABOUT_RETURN_TYPE = YES_ERROR;
				GCC_WARN_UNDECLARED_SELECTOR = YES;
				GCC_WARN_UNINITIALIZED_AUTOS = YES_AGGRESSIVE;
				GCC_WARN_UNUSED_FUNCTION = YES;
				GCC_WARN_UNUSED_VARIABLE = YES;
				IPHONEOS_DEPLOYMENT_TARGET = 13.1;
				MTL_ENABLE_DEBUG_INFO = NO;
				MTL_FAST_MATH = YES;
				SDKROOT = iphoneos;
				SWIFT_COMPILATION_MODE = wholemodule;
				SWIFT_OPTIMIZATION_LEVEL = "-O";
				VALIDATE_PRODUCT = YES;
			};
			name = Release;
		};
		8B534D49234B312E00EA8C7E /* Debug */ = {
			isa = XCBuildConfiguration;
			baseConfigurationReference = DD868C51F3EBC68387768310 /* Pods-ivory.debug.xcconfig */;
			buildSettings = {
				ASSETCATALOG_COMPILER_APPICON_NAME = AppIcon;
				CODE_SIGN_ENTITLEMENTS = ivory/ivory.entitlements;
				CODE_SIGN_STYLE = Automatic;
				CURRENT_PROJECT_VERSION = 1.2;
				DEVELOPMENT_TEAM = 38G8TN7QF9;
				INFOPLIST_FILE = ivory/Info.plist;
				IPHONEOS_DEPLOYMENT_TARGET = 11.0;
				LD_RUNPATH_SEARCH_PATHS = (
					"$(inherited)",
					"@executable_path/Frameworks",
				);
				PRODUCT_BUNDLE_IDENTIFIER = com.icpSupervisorPortal.app;
				PRODUCT_NAME = "ICP - Supervisor Portal";
				SWIFT_VERSION = 5.0;
				TARGETED_DEVICE_FAMILY = "1,2";
			};
			name = Debug;
		};
		8B534D4A234B312E00EA8C7E /* Release */ = {
			isa = XCBuildConfiguration;
			baseConfigurationReference = F4E39BEA323550429554847E /* Pods-ivory.release.xcconfig */;
			buildSettings = {
				ASSETCATALOG_COMPILER_APPICON_NAME = AppIcon;
				CODE_SIGN_ENTITLEMENTS = ivory/ivory.entitlements;
				CODE_SIGN_STYLE = Automatic;
				CURRENT_PROJECT_VERSION = 1.2;
				DEVELOPMENT_TEAM = 38G8TN7QF9;
				INFOPLIST_FILE = ivory/Info.plist;
				IPHONEOS_DEPLOYMENT_TARGET = 11.0;
				LD_RUNPATH_SEARCH_PATHS = (
					"$(inherited)",
					"@executable_path/Frameworks",
				);
				PRODUCT_BUNDLE_IDENTIFIER = com.icpSupervisorPortal.app;
				PRODUCT_NAME = "ICP - Supervisor Portal";
				SWIFT_VERSION = 5.0;
				TARGETED_DEVICE_FAMILY = "1,2";
			};
			name = Release;
		};
/* End XCBuildConfiguration section */

/* Begin XCConfigurationList section */
		8B534D2F234B312D00EA8C7E /* Build configuration list for PBXProject "ivory" */ = {
			isa = XCConfigurationList;
			buildConfigurations = (
				8B534D46234B312E00EA8C7E /* Debug */,
				8B534D47234B312E00EA8C7E /* Release */,
			);
			defaultConfigurationIsVisible = 0;
			defaultConfigurationName = Release;
		};
		8B534D48234B312E00EA8C7E /* Build configuration list for PBXNativeTarget "ivory" */ = {
			isa = XCConfigurationList;
			buildConfigurations = (
				8B534D49234B312E00EA8C7E /* Debug */,
				8B534D4A234B312E00EA8C7E /* Release */,
			);
			defaultConfigurationIsVisible = 0;
			defaultConfigurationName = Release;
		};
/* End XCConfigurationList section */
	};
	rootObject = 8B534D2C234B312D00EA8C7E /* Project object */;
}
